// !$*UTF8*$!
{
	archiveVersion = 1;
	classes = {
	};
	objectVersion = 55;
	objects = {

/* Begin PBXBuildFile section */
		D4B64405276FFBC80095BC97 /* JellyApp.swift in Sources */ = {isa = PBXBuildFile; fileRef = D4B643F5276FFBC70095BC97 /* JellyApp.swift */; };
		D4B64406276FFBC80095BC97 /* JellyApp.swift in Sources */ = {isa = PBXBuildFile; fileRef = D4B643F5276FFBC70095BC97 /* JellyApp.swift */; };
		D4B64407276FFBC80095BC97 /* ContentView.swift in Sources */ = {isa = PBXBuildFile; fileRef = D4B643F6276FFBC70095BC97 /* ContentView.swift */; };
		D4B64408276FFBC80095BC97 /* ContentView.swift in Sources */ = {isa = PBXBuildFile; fileRef = D4B643F6276FFBC70095BC97 /* ContentView.swift */; };
		D4B64414276FFBF70095BC97 /* Assets.xcassets in Resources */ = {isa = PBXBuildFile; fileRef = D4B64413276FFBF70095BC97 /* Assets.xcassets */; };
		D4B64415276FFBF70095BC97 /* Assets.xcassets in Resources */ = {isa = PBXBuildFile; fileRef = D4B64413276FFBF70095BC97 /* Assets.xcassets */; };
		D4B6441D276FFC2A0095BC97 /* Easer.swift in Sources */ = {isa = PBXBuildFile; fileRef = D4B64417276FFC2A0095BC97 /* Easer.swift */; };
		D4B6441E276FFC2A0095BC97 /* Easer.swift in Sources */ = {isa = PBXBuildFile; fileRef = D4B64417276FFC2A0095BC97 /* Easer.swift */; };
		D4B6441F276FFC2A0095BC97 /* GridPoint.swift in Sources */ = {isa = PBXBuildFile; fileRef = D4B64418276FFC2A0095BC97 /* GridPoint.swift */; };
		D4B64420276FFC2A0095BC97 /* GridPoint.swift in Sources */ = {isa = PBXBuildFile; fileRef = D4B64418276FFC2A0095BC97 /* GridPoint.swift */; };
		D4B64421276FFC2B0095BC97 /* YAColor.swift in Sources */ = {isa = PBXBuildFile; fileRef = D4B64419276FFC2A0095BC97 /* YAColor.swift */; };
		D4B64422276FFC2B0095BC97 /* YAColor.swift in Sources */ = {isa = PBXBuildFile; fileRef = D4B64419276FFC2A0095BC97 /* YAColor.swift */; };
		D4B64423276FFC2B0095BC97 /* Extensions.swift in Sources */ = {isa = PBXBuildFile; fileRef = D4B6441A276FFC2A0095BC97 /* Extensions.swift */; };
		D4B64424276FFC2B0095BC97 /* Extensions.swift in Sources */ = {isa = PBXBuildFile; fileRef = D4B6441A276FFC2A0095BC97 /* Extensions.swift */; };
		D4B64425276FFC2B0095BC97 /* Overload2D.swift in Sources */ = {isa = PBXBuildFile; fileRef = D4B6441B276FFC2A0095BC97 /* Overload2D.swift */; };
		D4B64426276FFC2B0095BC97 /* Overload2D.swift in Sources */ = {isa = PBXBuildFile; fileRef = D4B6441B276FFC2A0095BC97 /* Overload2D.swift */; };
		D4B64427276FFC2B0095BC97 /* Cbuffer.swift in Sources */ = {isa = PBXBuildFile; fileRef = D4B6441C276FFC2A0095BC97 /* Cbuffer.swift */; };
		D4B64428276FFC2B0095BC97 /* Cbuffer.swift in Sources */ = {isa = PBXBuildFile; fileRef = D4B6441C276FFC2A0095BC97 /* Cbuffer.swift */; };
/* End PBXBuildFile section */

/* Begin PBXFileReference section */
		D4B643F5276FFBC70095BC97 /* JellyApp.swift */ = {isa = PBXFileReference; lastKnownFileType = sourcecode.swift; path = JellyApp.swift; sourceTree = "<group>"; };
		D4B643F6276FFBC70095BC97 /* ContentView.swift */ = {isa = PBXFileReference; lastKnownFileType = sourcecode.swift; path = ContentView.swift; sourceTree = "<group>"; };
		D4B643FC276FFBC80095BC97 /* Jelly.app */ = {isa = PBXFileReference; explicitFileType = wrapper.application; includeInIndex = 0; path = Jelly.app; sourceTree = BUILT_PRODUCTS_DIR; };
		D4B64402276FFBC80095BC97 /* Jelly.app */ = {isa = PBXFileReference; explicitFileType = wrapper.application; includeInIndex = 0; path = Jelly.app; sourceTree = BUILT_PRODUCTS_DIR; };
		D4B64404276FFBC80095BC97 /* macOS.entitlements */ = {isa = PBXFileReference; lastKnownFileType = text.plist.entitlements; path = macOS.entitlements; sourceTree = "<group>"; };
		D4B64413276FFBF70095BC97 /* Assets.xcassets */ = {isa = PBXFileReference; lastKnownFileType = folder.assetcatalog; path = Assets.xcassets; sourceTree = "<group>"; };
		D4B64417276FFC2A0095BC97 /* Easer.swift */ = {isa = PBXFileReference; fileEncoding = 4; lastKnownFileType = sourcecode.swift; path = Easer.swift; sourceTree = "<group>"; };
		D4B64418276FFC2A0095BC97 /* GridPoint.swift */ = {isa = PBXFileReference; fileEncoding = 4; lastKnownFileType = sourcecode.swift; path = GridPoint.swift; sourceTree = "<group>"; };
		D4B64419276FFC2A0095BC97 /* YAColor.swift */ = {isa = PBXFileReference; fileEncoding = 4; lastKnownFileType = sourcecode.swift; path = YAColor.swift; sourceTree = "<group>"; };
		D4B6441A276FFC2A0095BC97 /* Extensions.swift */ = {isa = PBXFileReference; fileEncoding = 4; lastKnownFileType = sourcecode.swift; path = Extensions.swift; sourceTree = "<group>"; };
		D4B6441B276FFC2A0095BC97 /* Overload2D.swift */ = {isa = PBXFileReference; fileEncoding = 4; lastKnownFileType = sourcecode.swift; path = Overload2D.swift; sourceTree = "<group>"; };
		D4B6441C276FFC2A0095BC97 /* Cbuffer.swift */ = {isa = PBXFileReference; fileEncoding = 4; lastKnownFileType = sourcecode.swift; path = Cbuffer.swift; sourceTree = "<group>"; };
/* End PBXFileReference section */

/* Begin PBXFrameworksBuildPhase section */
		D4B643F9276FFBC80095BC97 /* Frameworks */ = {
			isa = PBXFrameworksBuildPhase;
			buildActionMask = 2147483647;
			files = (
			);
			runOnlyForDeploymentPostprocessing = 0;
		};
		D4B643FF276FFBC80095BC97 /* Frameworks */ = {
			isa = PBXFrameworksBuildPhase;
			buildActionMask = 2147483647;
			files = (
			);
			runOnlyForDeploymentPostprocessing = 0;
		};
/* End PBXFrameworksBuildPhase section */

/* Begin PBXGroup section */
		D4B643EF276FFBC60095BC97 = {
			isa = PBXGroup;
			children = (
				D4B643F4276FFBC70095BC97 /* Shared */,
				D4B64403276FFBC80095BC97 /* macOS */,
				D4B643FD276FFBC80095BC97 /* Products */,
			);
			sourceTree = "<group>";
		};
		D4B643F4276FFBC70095BC97 /* Shared */ = {
			isa = PBXGroup;
			children = (
				D4B643F5276FFBC70095BC97 /* JellyApp.swift */,
				D4B643F6276FFBC70095BC97 /* ContentView.swift */,
				D4B64413276FFBF70095BC97 /* Assets.xcassets */,
				D4B64416276FFC2A0095BC97 /* Primitives */,
			);
			path = Shared;
			sourceTree = "<group>";
		};
		D4B643FD276FFBC80095BC97 /* Products */ = {
			isa = PBXGroup;
			children = (
				D4B643FC276FFBC80095BC97 /* Jelly.app */,
				D4B64402276FFBC80095BC97 /* Jelly.app */,
			);
			name = Products;
			sourceTree = "<group>";
		};
		D4B64403276FFBC80095BC97 /* macOS */ = {
			isa = PBXGroup;
			children = (
				D4B64404276FFBC80095BC97 /* macOS.entitlements */,
			);
			path = macOS;
			sourceTree = "<group>";
		};
		D4B64416276FFC2A0095BC97 /* Primitives */ = {
			isa = PBXGroup;
			children = (
				D4B64417276FFC2A0095BC97 /* Easer.swift */,
				D4B64418276FFC2A0095BC97 /* GridPoint.swift */,
				D4B64419276FFC2A0095BC97 /* YAColor.swift */,
				D4B6441A276FFC2A0095BC97 /* Extensions.swift */,
				D4B6441B276FFC2A0095BC97 /* Overload2D.swift */,
				D4B6441C276FFC2A0095BC97 /* Cbuffer.swift */,
			);
			path = Primitives;
			sourceTree = "<group>";
		};
/* End PBXGroup section */

/* Begin PBXNativeTarget section */
		D4B643FB276FFBC80095BC97 /* Jelly (iOS) */ = {
			isa = PBXNativeTarget;
			buildConfigurationList = D4B6440D276FFBC80095BC97 /* Build configuration list for PBXNativeTarget "Jelly (iOS)" */;
			buildPhases = (
				D4B643F8276FFBC80095BC97 /* Sources */,
				D4B643F9276FFBC80095BC97 /* Frameworks */,
				D4B643FA276FFBC80095BC97 /* Resources */,
			);
			buildRules = (
			);
			dependencies = (
			);
			name = "Jelly (iOS)";
			productName = "Jelly (iOS)";
			productReference = D4B643FC276FFBC80095BC97 /* Jelly.app */;
			productType = "com.apple.product-type.application";
		};
		D4B64401276FFBC80095BC97 /* Jelly (macOS) */ = {
			isa = PBXNativeTarget;
			buildConfigurationList = D4B64410276FFBC80095BC97 /* Build configuration list for PBXNativeTarget "Jelly (macOS)" */;
			buildPhases = (
				D4B643FE276FFBC80095BC97 /* Sources */,
				D4B643FF276FFBC80095BC97 /* Frameworks */,
				D4B64400276FFBC80095BC97 /* Resources */,
			);
			buildRules = (
			);
			dependencies = (
			);
			name = "Jelly (macOS)";
			productName = "Jelly (macOS)";
			productReference = D4B64402276FFBC80095BC97 /* Jelly.app */;
			productType = "com.apple.product-type.application";
		};
/* End PBXNativeTarget section */

/* Begin PBXProject section */
		D4B643F0276FFBC60095BC97 /* Project object */ = {
			isa = PBXProject;
			attributes = {
				BuildIndependentTargetsInParallel = 1;
				LastSwiftUpdateCheck = 1320;
				LastUpgradeCheck = 1320;
				TargetAttributes = {
					D4B643FB276FFBC80095BC97 = {
						CreatedOnToolsVersion = 13.2.1;
					};
					D4B64401276FFBC80095BC97 = {
						CreatedOnToolsVersion = 13.2.1;
					};
				};
			};
			buildConfigurationList = D4B643F3276FFBC60095BC97 /* Build configuration list for PBXProject "Jelly" */;
			compatibilityVersion = "Xcode 13.0";
			developmentRegion = en;
			hasScannedForEncodings = 0;
			knownRegions = (
				en,
				Base,
			);
			mainGroup = D4B643EF276FFBC60095BC97;
			productRefGroup = D4B643FD276FFBC80095BC97 /* Products */;
			projectDirPath = "";
			projectRoot = "";
			targets = (
				D4B643FB276FFBC80095BC97 /* Jelly (iOS) */,
				D4B64401276FFBC80095BC97 /* Jelly (macOS) */,
			);
		};
/* End PBXProject section */

/* Begin PBXResourcesBuildPhase section */
		D4B643FA276FFBC80095BC97 /* Resources */ = {
			isa = PBXResourcesBuildPhase;
			buildActionMask = 2147483647;
			files = (
				D4B64414276FFBF70095BC97 /* Assets.xcassets in Resources */,
			);
			runOnlyForDeploymentPostprocessing = 0;
		};
		D4B64400276FFBC80095BC97 /* Resources */ = {
			isa = PBXResourcesBuildPhase;
			buildActionMask = 2147483647;
			files = (
				D4B64415276FFBF70095BC97 /* Assets.xcassets in Resources */,
			);
			runOnlyForDeploymentPostprocessing = 0;
		};
/* End PBXResourcesBuildPhase section */

/* Begin PBXSourcesBuildPhase section */
		D4B643F8276FFBC80095BC97 /* Sources */ = {
			isa = PBXSourcesBuildPhase;
			buildActionMask = 2147483647;
			files = (
				D4B64407276FFBC80095BC97 /* ContentView.swift in Sources */,
				D4B64423276FFC2B0095BC97 /* Extensions.swift in Sources */,
				D4B6441D276FFC2A0095BC97 /* Easer.swift in Sources */,
				D4B6441F276FFC2A0095BC97 /* GridPoint.swift in Sources */,
				D4B64425276FFC2B0095BC97 /* Overload2D.swift in Sources */,
				D4B64427276FFC2B0095BC97 /* Cbuffer.swift in Sources */,
				D4B64421276FFC2B0095BC97 /* YAColor.swift in Sources */,
				D4B64405276FFBC80095BC97 /* JellyApp.swift in Sources */,
			);
			runOnlyForDeploymentPostprocessing = 0;
		};
		D4B643FE276FFBC80095BC97 /* Sources */ = {
			isa = PBXSourcesBuildPhase;
			buildActionMask = 2147483647;
			files = (
				D4B64408276FFBC80095BC97 /* ContentView.swift in Sources */,
				D4B64424276FFC2B0095BC97 /* Extensions.swift in Sources */,
				D4B6441E276FFC2A0095BC97 /* Easer.swift in Sources */,
				D4B64420276FFC2A0095BC97 /* GridPoint.swift in Sources */,
				D4B64426276FFC2B0095BC97 /* Overload2D.swift in Sources */,
				D4B64428276FFC2B0095BC97 /* Cbuffer.swift in Sources */,
				D4B64422276FFC2B0095BC97 /* YAColor.swift in Sources */,
				D4B64406276FFBC80095BC97 /* JellyApp.swift in Sources */,
			);
			runOnlyForDeploymentPostprocessing = 0;
		};
/* End PBXSourcesBuildPhase section */

/* Begin XCBuildConfiguration section */
		D4B6440B276FFBC80095BC97 /* Debug */ = {
			isa = XCBuildConfiguration;
			buildSettings = {
				ALWAYS_SEARCH_USER_PATHS = NO;
				CLANG_ANALYZER_NONNULL = YES;
				CLANG_ANALYZER_NUMBER_OBJECT_CONVERSION = YES_AGGRESSIVE;
				CLANG_CXX_LANGUAGE_STANDARD = "gnu++17";
				CLANG_CXX_LIBRARY = "libc++";
				CLANG_ENABLE_MODULES = YES;
				CLANG_ENABLE_OBJC_ARC = YES;
				CLANG_ENABLE_OBJC_WEAK = YES;
				CLANG_WARN_BLOCK_CAPTURE_AUTORELEASING = YES;
				CLANG_WARN_BOOL_CONVERSION = YES;
				CLANG_WARN_COMMA = YES;
				CLANG_WARN_CONSTANT_CONVERSION = YES;
				CLANG_WARN_DEPRECATED_OBJC_IMPLEMENTATIONS = YES;
				CLANG_WARN_DIRECT_OBJC_ISA_USAGE = YES_ERROR;
				CLANG_WARN_DOCUMENTATION_COMMENTS = YES;
				CLANG_WARN_EMPTY_BODY = YES;
				CLANG_WARN_ENUM_CONVERSION = YES;
				CLANG_WARN_INFINITE_RECURSION = YES;
				CLANG_WARN_INT_CONVERSION = YES;
				CLANG_WARN_NON_LITERAL_NULL_CONVERSION = YES;
				CLANG_WARN_OBJC_IMPLICIT_RETAIN_SELF = YES;
				CLANG_WARN_OBJC_LITERAL_CONVERSION = YES;
				CLANG_WARN_OBJC_ROOT_CLASS = YES_ERROR;
				CLANG_WARN_QUOTED_INCLUDE_IN_FRAMEWORK_HEADER = YES;
				CLANG_WARN_RANGE_LOOP_ANALYSIS = YES;
				CLANG_WARN_STRICT_PROTOTYPES = YES;
				CLANG_WARN_SUSPICIOUS_MOVE = YES;
				CLANG_WARN_UNGUARDED_AVAILABILITY = YES_AGGRESSIVE;
				CLANG_WARN_UNREACHABLE_CODE = YES;
				CLANG_WARN__DUPLICATE_METHOD_MATCH = YES;
				COPY_PHASE_STRIP = NO;
				DEBUG_INFORMATION_FORMAT = dwarf;
				ENABLE_STRICT_OBJC_MSGSEND = YES;
				ENABLE_TESTABILITY = YES;
				GCC_C_LANGUAGE_STANDARD = gnu11;
				GCC_DYNAMIC_NO_PIC = NO;
				GCC_NO_COMMON_BLOCKS = YES;
				GCC_OPTIMIZATION_LEVEL = 0;
				GCC_PREPROCESSOR_DEFINITIONS = (
					"DEBUG=1",
					"$(inherited)",
				);
				GCC_WARN_64_TO_32_BIT_CONVERSION = YES;
				GCC_WARN_ABOUT_RETURN_TYPE = YES_ERROR;
				GCC_WARN_UNDECLARED_SELECTOR = YES;
				GCC_WARN_UNINITIALIZED_AUTOS = YES_AGGRESSIVE;
				GCC_WARN_UNUSED_FUNCTION = YES;
				GCC_WARN_UNUSED_VARIABLE = YES;
				MTL_ENABLE_DEBUG_INFO = INCLUDE_SOURCE;
				MTL_FAST_MATH = YES;
				ONLY_ACTIVE_ARCH = YES;
				SWIFT_ACTIVE_COMPILATION_CONDITIONS = DEBUG;
				SWIFT_OPTIMIZATION_LEVEL = "-Onone";
			};
			name = Debug;
		};
		D4B6440C276FFBC80095BC97 /* Release */ = {
			isa = XCBuildConfiguration;
			buildSettings = {
				ALWAYS_SEARCH_USER_PATHS = NO;
				CLANG_ANALYZER_NONNULL = YES;
				CLANG_ANALYZER_NUMBER_OBJECT_CONVERSION = YES_AGGRESSIVE;
				CLANG_CXX_LANGUAGE_STANDARD = "gnu++17";
				CLANG_CXX_LIBRARY = "libc++";
				CLANG_ENABLE_MODULES = YES;
				CLANG_ENABLE_OBJC_ARC = YES;
				CLANG_ENABLE_OBJC_WEAK = YES;
				CLANG_WARN_BLOCK_CAPTURE_AUTORELEASING = YES;
				CLANG_WARN_BOOL_CONVERSION = YES;
				CLANG_WARN_COMMA = YES;
				CLANG_WARN_CONSTANT_CONVERSION = YES;
				CLANG_WARN_DEPRECATED_OBJC_IMPLEMENTATIONS = YES;
				CLANG_WARN_DIRECT_OBJC_ISA_USAGE = YES_ERROR;
				CLANG_WARN_DOCUMENTATION_COMMENTS = YES;
				CLANG_WARN_EMPTY_BODY = YES;
				CLANG_WARN_ENUM_CONVERSION = YES;
				CLANG_WARN_INFINITE_RECURSION = YES;
				CLANG_WARN_INT_CONVERSION = YES;
				CLANG_WARN_NON_LITERAL_NULL_CONVERSION = YES;
				CLANG_WARN_OBJC_IMPLICIT_RETAIN_SELF = YES;
				CLANG_WARN_OBJC_LITERAL_CONVERSION = YES;
				CLANG_WARN_OBJC_ROOT_CLASS = YES_ERROR;
				CLANG_WARN_QUOTED_INCLUDE_IN_FRAMEWORK_HEADER = YES;
				CLANG_WARN_RANGE_LOOP_ANALYSIS = YES;
				CLANG_WARN_STRICT_PROTOTYPES = YES;
				CLANG_WARN_SUSPICIOUS_MOVE = YES;
				CLANG_WARN_UNGUARDED_AVAILABILITY = YES_AGGRESSIVE;
				CLANG_WARN_UNREACHABLE_CODE = YES;
				CLANG_WARN__DUPLICATE_METHOD_MATCH = YES;
				COPY_PHASE_STRIP = NO;
				DEBUG_INFORMATION_FORMAT = "dwarf-with-dsym";
				ENABLE_NS_ASSERTIONS = NO;
				ENABLE_STRICT_OBJC_MSGSEND = YES;
				GCC_C_LANGUAGE_STANDARD = gnu11;
				GCC_NO_COMMON_BLOCKS = YES;
				GCC_WARN_64_TO_32_BIT_CONVERSION = YES;
				GCC_WARN_ABOUT_RETURN_TYPE = YES_ERROR;
				GCC_WARN_UNDECLARED_SELECTOR = YES;
				GCC_WARN_UNINITIALIZED_AUTOS = YES_AGGRESSIVE;
				GCC_WARN_UNUSED_FUNCTION = YES;
				GCC_WARN_UNUSED_VARIABLE = YES;
				MTL_ENABLE_DEBUG_INFO = NO;
				MTL_FAST_MATH = YES;
				SWIFT_COMPILATION_MODE = wholemodule;
				SWIFT_OPTIMIZATION_LEVEL = "-O";
			};
			name = Release;
		};
		D4B6440E276FFBC80095BC97 /* Debug */ = {
			isa = XCBuildConfiguration;
			buildSettings = {
				ASSETCATALOG_COMPILER_APPICON_NAME = AppIcon;
				ASSETCATALOG_COMPILER_GLOBAL_ACCENT_COLOR_NAME = AccentColor;
				CODE_SIGN_STYLE = Automatic;
				CURRENT_PROJECT_VERSION = 1;
				DEVELOPMENT_TEAM = DD983V4X84;
				ENABLE_PREVIEWS = YES;
				GENERATE_INFOPLIST_FILE = YES;
				INFOPLIST_KEY_UIApplicationSceneManifest_Generation = YES;
				INFOPLIST_KEY_UIApplicationSupportsIndirectInputEvents = YES;
				INFOPLIST_KEY_UILaunchScreen_Generation = YES;
				INFOPLIST_KEY_UISupportedInterfaceOrientations_iPad = "UIInterfaceOrientationPortrait UIInterfaceOrientationPortraitUpsideDown UIInterfaceOrientationLandscapeLeft UIInterfaceOrientationLandscapeRight";
				INFOPLIST_KEY_UISupportedInterfaceOrientations_iPhone = "UIInterfaceOrientationPortrait UIInterfaceOrientationLandscapeLeft UIInterfaceOrientationLandscapeRight";
				IPHONEOS_DEPLOYMENT_TARGET = 15.2;
				LD_RUNPATH_SEARCH_PATHS = (
					"$(inherited)",
					"@executable_path/Frameworks",
				);
				MARKETING_VERSION = 1.0;
				PRODUCT_BUNDLE_IDENTIFIER = com.boringsoftware.Jelly;
				PRODUCT_NAME = Jelly;
				SDKROOT = iphoneos;
				SWIFT_EMIT_LOC_STRINGS = YES;
				SWIFT_VERSION = 5.0;
				TARGETED_DEVICE_FAMILY = "1,2";
			};
			name = Debug;
		};
		D4B6440F276FFBC80095BC97 /* Release */ = {
			isa = XCBuildConfiguration;
			buildSettings = {
				ASSETCATALOG_COMPILER_APPICON_NAME = AppIcon;
				ASSETCATALOG_COMPILER_GLOBAL_ACCENT_COLOR_NAME = AccentColor;
				CODE_SIGN_STYLE = Automatic;
				CURRENT_PROJECT_VERSION = 1;
				DEVELOPMENT_TEAM = DD983V4X84;
				ENABLE_PREVIEWS = YES;
				GENERATE_INFOPLIST_FILE = YES;
				INFOPLIST_KEY_UIApplicationSceneManifest_Generation = YES;
				INFOPLIST_KEY_UIApplicationSupportsIndirectInputEvents = YES;
				INFOPLIST_KEY_UILaunchScreen_Generation = YES;
				INFOPLIST_KEY_UISupportedInterfaceOrientations_iPad = "UIInterfaceOrientationPortrait UIInterfaceOrientationPortraitUpsideDown UIInterfaceOrientationLandscapeLeft UIInterfaceOrientationLandscapeRight";
				INFOPLIST_KEY_UISupportedInterfaceOrientations_iPhone = "UIInterfaceOrientationPortrait UIInterfaceOrientationLandscapeLeft UIInterfaceOrientationLandscapeRight";
				IPHONEOS_DEPLOYMENT_TARGET = 15.2;
				LD_RUNPATH_SEARCH_PATHS = (
					"$(inherited)",
					"@executable_path/Frameworks",
				);
				MARKETING_VERSION = 1.0;
				PRODUCT_BUNDLE_IDENTIFIER = com.boringsoftware.Jelly;
				PRODUCT_NAME = Jelly;
				SDKROOT = iphoneos;
				SWIFT_EMIT_LOC_STRINGS = YES;
				SWIFT_VERSION = 5.0;
				TARGETED_DEVICE_FAMILY = "1,2";
				VALIDATE_PRODUCT = YES;
			};
			name = Release;
		};
		D4B64411276FFBC80095BC97 /* Debug */ = {
			isa = XCBuildConfiguration;
			buildSettings = {
				ASSETCATALOG_COMPILER_APPICON_NAME = AppIcon;
				ASSETCATALOG_COMPILER_GLOBAL_ACCENT_COLOR_NAME = AccentColor;
				CODE_SIGN_ENTITLEMENTS = macOS/macOS.entitlements;
				CODE_SIGN_STYLE = Automatic;
				COMBINE_HIDPI_IMAGES = YES;
				CURRENT_PROJECT_VERSION = 1;
				DEVELOPMENT_TEAM = DD983V4X84;
				ENABLE_HARDENED_RUNTIME = YES;
				ENABLE_PREVIEWS = YES;
				GENERATE_INFOPLIST_FILE = YES;
				INFOPLIST_KEY_NSHumanReadableCopyright = "";
				LD_RUNPATH_SEARCH_PATHS = (
					"$(inherited)",
					"@executable_path/../Frameworks",
				);
				MACOSX_DEPLOYMENT_TARGET = 12.0;
				MARKETING_VERSION = 1.0;
				PRODUCT_BUNDLE_IDENTIFIER = com.boringsoftware.Jelly;
				PRODUCT_NAME = Jelly;
				SDKROOT = macosx;
				SWIFT_EMIT_LOC_STRINGS = YES;
				SWIFT_VERSION = 5.0;
			};
			name = Debug;
		};
		D4B64412276FFBC80095BC97 /* Release */ = {
			isa = XCBuildConfiguration;
			buildSettings = {
				ASSETCATALOG_COMPILER_APPICON_NAME = AppIcon;
				ASSETCATALOG_COMPILER_GLOBAL_ACCENT_COLOR_NAME = AccentColor;
				CODE_SIGN_ENTITLEMENTS = macOS/macOS.entitlements;
				CODE_SIGN_STYLE = Automatic;
				COMBINE_HIDPI_IMAGES = YES;
				CURRENT_PROJECT_VERSION = 1;
				DEVELOPMENT_TEAM = DD983V4X84;
				ENABLE_HARDENED_RUNTIME = YES;
				ENABLE_PREVIEWS = YES;
				GENERATE_INFOPLIST_FILE = YES;
				INFOPLIST_KEY_NSHumanReadableCopyright = "";
				LD_RUNPATH_SEARCH_PATHS = (
					"$(inherited)",
					"@executable_path/../Frameworks",
				);
				MACOSX_DEPLOYMENT_TARGET = 12.0;
				MARKETING_VERSION = 1.0;
				PRODUCT_BUNDLE_IDENTIFIER = com.boringsoftware.Jelly;
				PRODUCT_NAME = Jelly;
				SDKROOT = macosx;
				SWIFT_EMIT_LOC_STRINGS = YES;
				SWIFT_VERSION = 5.0;
			};
			name = Release;
		};
/* End XCBuildConfiguration section */

/* Begin XCConfigurationList section */
		D4B643F3276FFBC60095BC97 /* Build configuration list for PBXProject "Jelly" */ = {
			isa = XCConfigurationList;
			buildConfigurations = (
				D4B6440B276FFBC80095BC97 /* Debug */,
				D4B6440C276FFBC80095BC97 /* Release */,
			);
			defaultConfigurationIsVisible = 0;
			defaultConfigurationName = Release;
		};
		D4B6440D276FFBC80095BC97 /* Build configuration list for PBXNativeTarget "Jelly (iOS)" */ = {
			isa = XCConfigurationList;
			buildConfigurations = (
				D4B6440E276FFBC80095BC97 /* Debug */,
				D4B6440F276FFBC80095BC97 /* Release */,
			);
			defaultConfigurationIsVisible = 0;
			defaultConfigurationName = Release;
		};
		D4B64410276FFBC80095BC97 /* Build configuration list for PBXNativeTarget "Jelly (macOS)" */ = {
			isa = XCConfigurationList;
			buildConfigurations = (
				D4B64411276FFBC80095BC97 /* Debug */,
				D4B64412276FFBC80095BC97 /* Release */,
			);
			defaultConfigurationIsVisible = 0;
			defaultConfigurationName = Release;
		};
/* End XCConfigurationList section */
	};
	rootObject = D4B643F0276FFBC60095BC97 /* Project object */;
}
